
Microsoft Visual Studio Solution File, Format Version 12.00
# Visual Studio 15
VisualStudioVersion = 15.0.27004.2009
MinimumVisualStudioVersion = 10.0.40219.1
Project("{FAE04EC0-301F-11D3-BF4B-00C04F79EFBC}") = "CSharpIntermediateConsoleApp", "CSharpIntermediateConsoleApp\CSharpIntermediateConsoleApp.csproj", "{76E40025-1916-412C-85FE-74BEC680674A}"
EndProject
Project("{FAE04EC0-301F-11D3-BF4B-00C04F79EFBC}") = "Amazon", "Amazon\Amazon.csproj", "{59D60CA3-38AB-4C88-80CC-24A2EAEF8E33}"
EndProject
Project("{FAE04EC0-301F-11D3-BF4B-00C04F79EFBC}") = "CSharpIntermediateConsoleApp.UnitTests", "CSharpIntermediateConsoleApp.UnitTests\CSharpIntermediateConsoleApp.UnitTests.csproj", "{56F3E5F8-9A1E-48BF-9549-87C7CA4824AC}"
EndProject
Global
	GlobalSection(SolutionConfigurationPlatforms) = preSolution
		Debug|Any CPU = Debug|Any CPU
		Release|Any CPU = Release|Any CPU
	EndGlobalSection
	GlobalSection(ProjectConfigurationPlatforms) = postSolution
		{76E40025-1916-412C-85FE-74BEC680674A}.Debug|Any CPU.ActiveCfg = Debug|Any CPU
		{76E40025-1916-412C-85FE-74BEC680674A}.Debug|Any CPU.Build.0 = Debug|Any CPU
		{76E40025-1916-412C-85FE-74BEC680674A}.Release|Any CPU.ActiveCfg = Release|Any CPU
		{76E40025-1916-412C-85FE-74BEC680674A}.Release|Any CPU.Build.0 = Release|Any CPU
		{59D60CA3-38AB-4C88-80CC-24A2EAEF8E33}.Debug|Any CPU.ActiveCfg = Debug|Any CPU
		{59D60CA3-38AB-4C88-80CC-24A2EAEF8E33}.Debug|Any CPU.Build.0 = Debug|Any CPU
		{59D60CA3-38AB-4C88-80CC-24A2EAEF8E33}.Release|Any CPU.ActiveCfg = Release|Any CPU
		{59D60CA3-38AB-4C88-80CC-24A2EAEF8E33}.Release|Any CPU.Build.0 = Release|Any CPU
		{56F3E5F8-9A1E-48BF-9549-87C7CA4824AC}.Debug|Any CPU.ActiveCfg = Debug|Any CPU
		{56F3E5F8-9A1E-48BF-9549-87C7CA4824AC}.Debug|Any CPU.Build.0 = Debug|Any CPU
		{56F3E5F8-9A1E-48BF-9549-87C7CA4824AC}.Release|Any CPU.ActiveCfg = Release|Any CPU
		{56F3E5F8-9A1E-48BF-9549-87C7CA4824AC}.Release|Any CPU.Build.0 = Release|Any CPU
	EndGlobalSection
	GlobalSection(SolutionProperties) = preSolution
		HideSolutionNode = FALSE
	EndGlobalSection
	GlobalSection(ExtensibilityGlobals) = postSolution
		SolutionGuid = {C5541032-981B-40DE-9C75-BE2ECDEA9AEC}
	EndGlobalSection
EndGlobal
